
Microsoft Visual Studio Solution File, Format Version 12.00
# Visual Studio 15
Project("{FAE04EC0-301F-11D3-BF4B-00C04F79EFBC}") = "GeradorDanfe", "GeradorDanfe\GeradorDanfe.csproj", "{F159DD75-4A9C-4F61-BBC7-239BD5B5766E}"
EndProject
Global
	GlobalSection(SolutionConfigurationPlatforms) = preSolution
		Debug|Any CPU = Debug|Any CPU
		Release|Any CPU = Release|Any CPU
	EndGlobalSection
	GlobalSection(ProjectConfigurationPlatforms) = postSolution
		{F159DD75-4A9C-4F61-BBC7-239BD5B5766E}.Debug|Any CPU.ActiveCfg = Debug|Any CPU
		{F159DD75-4A9C-4F61-BBC7-239BD5B5766E}.Debug|Any CPU.Build.0 = Debug|Any CPU
		{F159DD75-4A9C-4F61-BBC7-239BD5B5766E}.Release|Any CPU.ActiveCfg = Release|Any CPU
		{F159DD75-4A9C-4F61-BBC7-239BD5B5766E}.Release|Any CPU.Build.0 = Release|Any CPU
	EndGlobalSection
EndGlobal
